
Microsoft Visual Studio Solution File, Format Version 12.00
# Visual Studio Version 16
VisualStudioVersion = 16.0.31005.135
MinimumVisualStudioVersion = 10.0.40219.1
Project("{FAE04EC0-301F-11D3-BF4B-00C04F79EFBC}") = "Trapezium", "Trapezium.csproj", "{661B87B8-FCBA-4DEF-92E7-9796271FDEA4}"
EndProject
Global
	GlobalSection(SolutionConfigurationPlatforms) = preSolution
		Debug|Any CPU = Debug|Any CPU
		Release|Any CPU = Release|Any CPU
	EndGlobalSection
	GlobalSection(ProjectConfigurationPlatforms) = postSolution
		{661B87B8-FCBA-4DEF-92E7-9796271FDEA4}.Debug|Any CPU.ActiveCfg = Debug|Any CPU
		{661B87B8-FCBA-4DEF-92E7-9796271FDEA4}.Debug|Any CPU.Build.0 = Debug|Any CPU
		{661B87B8-FCBA-4DEF-92E7-9796271FDEA4}.Release|Any CPU.ActiveCfg = Release|Any CPU
		{661B87B8-FCBA-4DEF-92E7-9796271FDEA4}.Release|Any CPU.Build.0 = Release|Any CPU
	EndGlobalSection
	GlobalSection(SolutionProperties) = preSolution
		HideSolutionNode = FALSE
	EndGlobalSection
	GlobalSection(ExtensibilityGlobals) = postSolution
		SolutionGuid = {13332FB3-8561-47E3-9F87-334AFDEC06C0}
	EndGlobalSection
EndGlobal
